
Microsoft Visual Studio Solution File, Format Version 12.00
# Visual Studio Version 17
VisualStudioVersion = 17.9.34728.123
MinimumVisualStudioVersion = 10.0.40219.1
Project("{9A19103F-16F7-4668-BE54-9A1E7A4F7556}") = "ERPMeioAmbiente.API", "ERPMeioAmbiente.API\ERPMeioAmbiente.API.csproj", "{87D1AC6A-51B9-44DB-9B72-61B1410B79A8}"
	ProjectSection(ProjectDependencies) = postProject
		{A32AA2DF-8B3C-4935-8B50-FB7C915B7CB0} = {A32AA2DF-8B3C-4935-8B50-FB7C915B7CB0}
	EndProjectSection
EndProject
Project("{9A19103F-16F7-4668-BE54-9A1E7A4F7556}") = "ERPMeioAmbiente.Shared", "ERPMeioAmbiente.Shared\ERPMeioAmbiente.Shared.csproj", "{A32AA2DF-8B3C-4935-8B50-FB7C915B7CB0}"
EndProject
Project("{2150E333-8FDC-42A3-9474-1A3956D46DE8}") = "Itens de Solução", "Itens de Solução", "{E45F81D3-1C2E-4167-8954-30675A19B1A8}"
	ProjectSection(SolutionItems) = preProject
		.gitignore = .gitignore
	EndProjectSection
EndProject
Project("{FAE04EC0-301F-11D3-BF4B-00C04F79EFBC}") = "ERPMeioAmbiente.Tests", "ERPMeioAmbiente.Tests\ERPMeioAmbiente.Tests.csproj", "{F35F1F80-EF6D-49C4-8D98-32C6D2638526}"
EndProject
Global
	GlobalSection(SolutionConfigurationPlatforms) = preSolution
		Debug|Any CPU = Debug|Any CPU
		Release|Any CPU = Release|Any CPU
	EndGlobalSection
	GlobalSection(ProjectConfigurationPlatforms) = postSolution
		{87D1AC6A-51B9-44DB-9B72-61B1410B79A8}.Debug|Any CPU.ActiveCfg = Debug|Any CPU
		{87D1AC6A-51B9-44DB-9B72-61B1410B79A8}.Debug|Any CPU.Build.0 = Debug|Any CPU
		{87D1AC6A-51B9-44DB-9B72-61B1410B79A8}.Release|Any CPU.ActiveCfg = Release|Any CPU
		{87D1AC6A-51B9-44DB-9B72-61B1410B79A8}.Release|Any CPU.Build.0 = Release|Any CPU
		{A32AA2DF-8B3C-4935-8B50-FB7C915B7CB0}.Debug|Any CPU.ActiveCfg = Debug|Any CPU
		{A32AA2DF-8B3C-4935-8B50-FB7C915B7CB0}.Debug|Any CPU.Build.0 = Debug|Any CPU
		{A32AA2DF-8B3C-4935-8B50-FB7C915B7CB0}.Release|Any CPU.ActiveCfg = Release|Any CPU
		{A32AA2DF-8B3C-4935-8B50-FB7C915B7CB0}.Release|Any CPU.Build.0 = Release|Any CPU
		{F35F1F80-EF6D-49C4-8D98-32C6D2638526}.Debug|Any CPU.ActiveCfg = Debug|Any CPU
		{F35F1F80-EF6D-49C4-8D98-32C6D2638526}.Debug|Any CPU.Build.0 = Debug|Any CPU
		{F35F1F80-EF6D-49C4-8D98-32C6D2638526}.Release|Any CPU.ActiveCfg = Release|Any CPU
		{F35F1F80-EF6D-49C4-8D98-32C6D2638526}.Release|Any CPU.Build.0 = Release|Any CPU
	EndGlobalSection
	GlobalSection(SolutionProperties) = preSolution
		HideSolutionNode = FALSE
	EndGlobalSection
	GlobalSection(ExtensibilityGlobals) = postSolution
		SolutionGuid = {A25D4089-3964-4675-A870-DEA5E8B0D241}
	EndGlobalSection
EndGlobal
